PODS:
  - BTNavigationDropdownMenu (0.4.1)
  - IQKeyboardManagerSwift (4.0.8)

DEPENDENCIES:
  - BTNavigationDropdownMenu (from `https://github.com/PhamBaTho/BTNavigationDropdownMenu.git`, branch `swift-3.0`)
  - IQKeyboardManagerSwift

EXTERNAL SOURCES:
  BTNavigationDropdownMenu:
    :branch: swift-3.0
    :git: https://github.com/PhamBaTho/BTNavigationDropdownMenu.git

CHECKOUT OPTIONS:
  BTNavigationDropdownMenu:
    :commit: 2c08c8579cf7a53ecb3dbf578e6e1034080a9859
    :git: https://github.com/PhamBaTho/BTNavigationDropdownMenu.git

SPEC CHECKSUMS:
  BTNavigationDropdownMenu: 093f3cbfad1572f2c222bdf8d17584d1e13380d4
  IQKeyboardManagerSwift: c04bc9f68473823f825eb44d958fce98d921bead

PODFILE CHECKSUM: c1b08c18068c9cf36de541ffb9905c99229f5f85

COCOAPODS: 1.2.0
