// !$*UTF8*$!
{
	archiveVersion = 1;
	classes = {
	};
	objectVersion = 46;
	objects = {

/* Begin PBXBuildFile section */
		2E487CEB1E23782200CBD901 /* WelcomeScreen.swift in Sources */ = {isa = PBXBuildFile; fileRef = 2E487CEA1E23782200CBD901 /* WelcomeScreen.swift */; };
		2E70B01D1D23BBA000A52092 /* AppDelegate.swift in Sources */ = {isa = PBXBuildFile; fileRef = 2E70B0091D23BBA000A52092 /* AppDelegate.swift */; };
		2E70B01E1D23BBA000A52092 /* Assets.xcassets in Resources */ = {isa = PBXBuildFile; fileRef = 2E70B00A1D23BBA000A52092 /* Assets.xcassets */; };
		2E70B01F1D23BBA000A52092 /* LaunchScreen.storyboard in Resources */ = {isa = PBXBuildFile; fileRef = 2E70B00C1D23BBA000A52092 /* LaunchScreen.storyboard */; };
		2E70B0201D23BBA000A52092 /* Main.storyboard in Resources */ = {isa = PBXBuildFile; fileRef = 2E70B00E1D23BBA000A52092 /* Main.storyboard */; };
		2E70B0211D23BBA000A52092 /* CreateAccount.swift in Sources */ = {isa = PBXBuildFile; fileRef = 2E70B0101D23BBA000A52092 /* CreateAccount.swift */; };
		2E70B0221D23BBA000A52092 /* Home.swift in Sources */ = {isa = PBXBuildFile; fileRef = 2E70B0111D23BBA000A52092 /* Home.swift */; };
		2E70B0281D23BBA000A52092 /* SignIn.swift in Sources */ = {isa = PBXBuildFile; fileRef = 2E70B0191D23BBA000A52092 /* SignIn.swift */; };
		2E70B0291D23BBA000A52092 /* SWRevealViewController.m in Sources */ = {isa = PBXBuildFile; fileRef = 2E70B01B1D23BBA000A52092 /* SWRevealViewController.m */; };
		2EA314831D2EEB24000342BD /* Settings.swift in Sources */ = {isa = PBXBuildFile; fileRef = 2EA314821D2EEB24000342BD /* Settings.swift */; };
		2EB762A41D23BAC1005B7B93 /* Neighbor_NinjaTests.swift in Sources */ = {isa = PBXBuildFile; fileRef = 2EB762A31D23BAC1005B7B93 /* Neighbor_NinjaTests.swift */; };
		2EB762AF1D23BAC1005B7B93 /* Neighbor_NinjaUITests.swift in Sources */ = {isa = PBXBuildFile; fileRef = 2EB762AE1D23BAC1005B7B93 /* Neighbor_NinjaUITests.swift */; };
		2EC52FF21D4075D400E1CD66 /* GoogleService-Info.plist in Resources */ = {isa = PBXBuildFile; fileRef = 2EC52FF11D4075D400E1CD66 /* GoogleService-Info.plist */; };
		2EC54BB41D2780BE002412AF /* MapViewController.swift in Sources */ = {isa = PBXBuildFile; fileRef = 2EC54BB31D2780BE002412AF /* MapViewController.swift */; };
		2EC54BB61D2780C8002412AF /* QueryViewController.swift in Sources */ = {isa = PBXBuildFile; fileRef = 2EC54BB51D2780C8002412AF /* QueryViewController.swift */; };
		2EC54BB81D2780D0002412AF /* SODAClient.swift in Sources */ = {isa = PBXBuildFile; fileRef = 2EC54BB71D2780D0002412AF /* SODAClient.swift */; };
		2EE65B601D26281F00F0FA84 /* MapKit.framework in Frameworks */ = {isa = PBXBuildFile; fileRef = 2EE65B5F1D26281F00F0FA84 /* MapKit.framework */; };
		2EE65B621D26282500F0FA84 /* CoreLocation.framework in Frameworks */ = {isa = PBXBuildFile; fileRef = 2EE65B611D26282500F0FA84 /* CoreLocation.framework */; };
		2EE65B701D27635F00F0FA84 /* Report.swift in Sources */ = {isa = PBXBuildFile; fileRef = 2EE65B6F1D27635F00F0FA84 /* Report.swift */; };
		923F112E6945B59AE06285C4 /* Pods_Neighbor_Ninja.framework in Frameworks */ = {isa = PBXBuildFile; fileRef = 4CE084844110FCC456926E47 /* Pods_Neighbor_Ninja.framework */; };
/* End PBXBuildFile section */

/* Begin PBXContainerItemProxy section */
		2EB762A01D23BAC1005B7B93 /* PBXContainerItemProxy */ = {
			isa = PBXContainerItemProxy;
			containerPortal = 2EB762801D23BAC1005B7B93 /* Project object */;
			proxyType = 1;
			remoteGlobalIDString = 2EB762871D23BAC1005B7B93;
			remoteInfo = "Neighbor Ninja";
		};
		2EB762AB1D23BAC1005B7B93 /* PBXContainerItemProxy */ = {
			isa = PBXContainerItemProxy;
			containerPortal = 2EB762801D23BAC1005B7B93 /* Project object */;
			proxyType = 1;
			remoteGlobalIDString = 2EB762871D23BAC1005B7B93;
			remoteInfo = "Neighbor Ninja";
		};
/* End PBXContainerItemProxy section */

/* Begin PBXFileReference section */
		036DB6E10368562CD05441CA /* Pods_Neighbor_NinjaTests.framework */ = {isa = PBXFileReference; explicitFileType = wrapper.framework; includeInIndex = 0; path = Pods_Neighbor_NinjaTests.framework; sourceTree = BUILT_PRODUCTS_DIR; };
		0B2AAF3E6C89C4438E76DDB4 /* Pods-Neighbor Ninja.debug.xcconfig */ = {isa = PBXFileReference; includeInIndex = 1; lastKnownFileType = text.xcconfig; name = "Pods-Neighbor Ninja.debug.xcconfig"; path = "Pods/Target Support Files/Pods-Neighbor Ninja/Pods-Neighbor Ninja.debug.xcconfig"; sourceTree = "<group>"; };
		2E487CEA1E23782200CBD901 /* WelcomeScreen.swift */ = {isa = PBXFileReference; fileEncoding = 4; lastKnownFileType = sourcecode.swift; path = WelcomeScreen.swift; sourceTree = "<group>"; };
		2E70B0081D23BB9F00A52092 /* Neighbor Ninja-Bridging-Header.h */ = {isa = PBXFileReference; lastKnownFileType = sourcecode.c.h; path = "Neighbor Ninja-Bridging-Header.h"; sourceTree = "<group>"; };
		2E70B0091D23BBA000A52092 /* AppDelegate.swift */ = {isa = PBXFileReference; fileEncoding = 4; lastKnownFileType = sourcecode.swift; path = AppDelegate.swift; sourceTree = "<group>"; };
		2E70B00A1D23BBA000A52092 /* Assets.xcassets */ = {isa = PBXFileReference; lastKnownFileType = folder.assetcatalog; path = Assets.xcassets; sourceTree = "<group>"; };
		2E70B00D1D23BBA000A52092 /* Base */ = {isa = PBXFileReference; lastKnownFileType = file.storyboard; name = Base; path = LaunchScreen.storyboard; sourceTree = "<group>"; };
		2E70B00F1D23BBA000A52092 /* Base */ = {isa = PBXFileReference; lastKnownFileType = file.storyboard; name = Base; path = Main.storyboard; sourceTree = "<group>"; };
		2E70B0101D23BBA000A52092 /* CreateAccount.swift */ = {isa = PBXFileReference; fileEncoding = 4; lastKnownFileType = sourcecode.swift; path = CreateAccount.swift; sourceTree = "<group>"; };
		2E70B0111D23BBA000A52092 /* Home.swift */ = {isa = PBXFileReference; fileEncoding = 4; lastKnownFileType = sourcecode.swift; path = Home.swift; sourceTree = "<group>"; };
		2E70B0121D23BBA000A52092 /* Info.plist */ = {isa = PBXFileReference; fileEncoding = 4; lastKnownFileType = text.plist.xml; path = Info.plist; sourceTree = "<group>"; };
		2E70B0131D23BBA000A52092 /* NeighborNinja-Bridging-Header.h */ = {isa = PBXFileReference; fileEncoding = 4; lastKnownFileType = sourcecode.c.h; path = "NeighborNinja-Bridging-Header.h"; sourceTree = "<group>"; };
		2E70B0191D23BBA000A52092 /* SignIn.swift */ = {isa = PBXFileReference; fileEncoding = 4; lastKnownFileType = sourcecode.swift; path = SignIn.swift; sourceTree = "<group>"; };
		2E70B01A1D23BBA000A52092 /* SWRevealViewController.h */ = {isa = PBXFileReference; fileEncoding = 4; lastKnownFileType = sourcecode.c.h; path = SWRevealViewController.h; sourceTree = "<group>"; };
		2E70B01B1D23BBA000A52092 /* SWRevealViewController.m */ = {isa = PBXFileReference; fileEncoding = 4; lastKnownFileType = sourcecode.c.objc; path = SWRevealViewController.m; sourceTree = "<group>"; };
		2EA314821D2EEB24000342BD /* Settings.swift */ = {isa = PBXFileReference; fileEncoding = 4; lastKnownFileType = sourcecode.swift; path = Settings.swift; sourceTree = "<group>"; };
		2EB762881D23BAC1005B7B93 /* Neighbor Ninja.app */ = {isa = PBXFileReference; explicitFileType = wrapper.application; includeInIndex = 0; path = "Neighbor Ninja.app"; sourceTree = BUILT_PRODUCTS_DIR; };
		2EB7629F1D23BAC1005B7B93 /* Neighbor NinjaTests.xctest */ = {isa = PBXFileReference; explicitFileType = wrapper.cfbundle; includeInIndex = 0; path = "Neighbor NinjaTests.xctest"; sourceTree = BUILT_PRODUCTS_DIR; };
		2EB762A31D23BAC1005B7B93 /* Neighbor_NinjaTests.swift */ = {isa = PBXFileReference; lastKnownFileType = sourcecode.swift; path = Neighbor_NinjaTests.swift; sourceTree = "<group>"; };
		2EB762A51D23BAC1005B7B93 /* Info.plist */ = {isa = PBXFileReference; lastKnownFileType = text.plist.xml; path = Info.plist; sourceTree = "<group>"; };
		2EB762AA1D23BAC1005B7B93 /* Neighbor NinjaUITests.xctest */ = {isa = PBXFileReference; explicitFileType = wrapper.cfbundle; includeInIndex = 0; path = "Neighbor NinjaUITests.xctest"; sourceTree = BUILT_PRODUCTS_DIR; };
		2EB762AE1D23BAC1005B7B93 /* Neighbor_NinjaUITests.swift */ = {isa = PBXFileReference; lastKnownFileType = sourcecode.swift; path = Neighbor_NinjaUITests.swift; sourceTree = "<group>"; };
		2EB762B01D23BAC1005B7B93 /* Info.plist */ = {isa = PBXFileReference; lastKnownFileType = text.plist.xml; path = Info.plist; sourceTree = "<group>"; };
		2EC52FF11D4075D400E1CD66 /* GoogleService-Info.plist */ = {isa = PBXFileReference; fileEncoding = 4; lastKnownFileType = text.plist.xml; path = "GoogleService-Info.plist"; sourceTree = "<group>"; };
		2EC54BB31D2780BE002412AF /* MapViewController.swift */ = {isa = PBXFileReference; fileEncoding = 4; lastKnownFileType = sourcecode.swift; path = MapViewController.swift; sourceTree = "<group>"; };
		2EC54BB51D2780C8002412AF /* QueryViewController.swift */ = {isa = PBXFileReference; fileEncoding = 4; lastKnownFileType = sourcecode.swift; path = QueryViewController.swift; sourceTree = "<group>"; };
		2EC54BB71D2780D0002412AF /* SODAClient.swift */ = {isa = PBXFileReference; fileEncoding = 4; lastKnownFileType = sourcecode.swift; path = SODAClient.swift; sourceTree = "<group>"; };
		2EE65B5F1D26281F00F0FA84 /* MapKit.framework */ = {isa = PBXFileReference; lastKnownFileType = wrapper.framework; name = MapKit.framework; path = System/Library/Frameworks/MapKit.framework; sourceTree = SDKROOT; };
		2EE65B611D26282500F0FA84 /* CoreLocation.framework */ = {isa = PBXFileReference; lastKnownFileType = wrapper.framework; name = CoreLocation.framework; path = System/Library/Frameworks/CoreLocation.framework; sourceTree = SDKROOT; };
		2EE65B6F1D27635F00F0FA84 /* Report.swift */ = {isa = PBXFileReference; fileEncoding = 4; lastKnownFileType = sourcecode.swift; path = Report.swift; sourceTree = "<group>"; };
		4CE084844110FCC456926E47 /* Pods_Neighbor_Ninja.framework */ = {isa = PBXFileReference; explicitFileType = wrapper.framework; includeInIndex = 0; path = Pods_Neighbor_Ninja.framework; sourceTree = BUILT_PRODUCTS_DIR; };
		60850FB55BF51EE2422175A1 /* Pods_Neighbor_NinjaUITests.framework */ = {isa = PBXFileReference; explicitFileType = wrapper.framework; includeInIndex = 0; path = Pods_Neighbor_NinjaUITests.framework; sourceTree = BUILT_PRODUCTS_DIR; };
		867311362C9CF0BFC8E5892C /* Pods-Neighbor Ninja.release.xcconfig */ = {isa = PBXFileReference; includeInIndex = 1; lastKnownFileType = text.xcconfig; name = "Pods-Neighbor Ninja.release.xcconfig"; path = "Pods/Target Support Files/Pods-Neighbor Ninja/Pods-Neighbor Ninja.release.xcconfig"; sourceTree = "<group>"; };
/* End PBXFileReference section */

/* Begin PBXFrameworksBuildPhase section */
		2EB762851D23BAC1005B7B93 /* Frameworks */ = {
			isa = PBXFrameworksBuildPhase;
			buildActionMask = 2147483647;
			files = (
				2EE65B621D26282500F0FA84 /* CoreLocation.framework in Frameworks */,
				2EE65B601D26281F00F0FA84 /* MapKit.framework in Frameworks */,
				923F112E6945B59AE06285C4 /* Pods_Neighbor_Ninja.framework in Frameworks */,
			);
			runOnlyForDeploymentPostprocessing = 0;
		};
		2EB7629C1D23BAC1005B7B93 /* Frameworks */ = {
			isa = PBXFrameworksBuildPhase;
			buildActionMask = 2147483647;
			files = (
			);
			runOnlyForDeploymentPostprocessing = 0;
		};
		2EB762A71D23BAC1005B7B93 /* Frameworks */ = {
			isa = PBXFrameworksBuildPhase;
			buildActionMask = 2147483647;
			files = (
			);
			runOnlyForDeploymentPostprocessing = 0;
		};
/* End PBXFrameworksBuildPhase section */

/* Begin PBXGroup section */
		0B70FB193FE2E85640FCCC43 /* Pods */ = {
			isa = PBXGroup;
			children = (
				0B2AAF3E6C89C4438E76DDB4 /* Pods-Neighbor Ninja.debug.xcconfig */,
				867311362C9CF0BFC8E5892C /* Pods-Neighbor Ninja.release.xcconfig */,
			);
			name = Pods;
			sourceTree = "<group>";
		};
		2E70B00B1D23BBA000A52092 /* Base.lproj */ = {
			isa = PBXGroup;
			children = (
				2E70B00C1D23BBA000A52092 /* LaunchScreen.storyboard */,
				2E70B00E1D23BBA000A52092 /* Main.storyboard */,
			);
			path = Base.lproj;
			sourceTree = "<group>";
		};
		2E9DA8971D517AC20077F5C7 /* Onboarding */ = {
			isa = PBXGroup;
			children = (
				2E487CEA1E23782200CBD901 /* WelcomeScreen.swift */,
				2E70B0191D23BBA000A52092 /* SignIn.swift */,
				2E70B0101D23BBA000A52092 /* CreateAccount.swift */,
			);
			name = Onboarding;
			sourceTree = "<group>";
		};
		2EB7627F1D23BAC1005B7B93 = {
			isa = PBXGroup;
			children = (
				2EE65B611D26282500F0FA84 /* CoreLocation.framework */,
				2EE65B5F1D26281F00F0FA84 /* MapKit.framework */,
				2EB7628A1D23BAC1005B7B93 /* Neighbor Ninja */,
				2EB762A21D23BAC1005B7B93 /* Neighbor NinjaTests */,
				2EB762AD1D23BAC1005B7B93 /* Neighbor NinjaUITests */,
				2EB762891D23BAC1005B7B93 /* Products */,
				0B70FB193FE2E85640FCCC43 /* Pods */,
				6C905483F0C28A638E7468B4 /* Frameworks */,
			);
			sourceTree = "<group>";
		};
		2EB762891D23BAC1005B7B93 /* Products */ = {
			isa = PBXGroup;
			children = (
				2EB762881D23BAC1005B7B93 /* Neighbor Ninja.app */,
				2EB7629F1D23BAC1005B7B93 /* Neighbor NinjaTests.xctest */,
				2EB762AA1D23BAC1005B7B93 /* Neighbor NinjaUITests.xctest */,
			);
			name = Products;
			sourceTree = "<group>";
		};
		2EB7628A1D23BAC1005B7B93 /* Neighbor Ninja */ = {
			isa = PBXGroup;
			children = (
				2EC52FF11D4075D400E1CD66 /* GoogleService-Info.plist */,
				2E70B0091D23BBA000A52092 /* AppDelegate.swift */,
				2E70B00A1D23BBA000A52092 /* Assets.xcassets */,
				2E70B00B1D23BBA000A52092 /* Base.lproj */,
				2E70B0111D23BBA000A52092 /* Home.swift */,
				2E70B0121D23BBA000A52092 /* Info.plist */,
				2E70B0131D23BBA000A52092 /* NeighborNinja-Bridging-Header.h */,
				2E9DA8971D517AC20077F5C7 /* Onboarding */,
				2E70B01A1D23BBA000A52092 /* SWRevealViewController.h */,
				2E70B01B1D23BBA000A52092 /* SWRevealViewController.m */,
				2E70B0081D23BB9F00A52092 /* Neighbor Ninja-Bridging-Header.h */,
				2EC54BB31D2780BE002412AF /* MapViewController.swift */,
				2EC54BB71D2780D0002412AF /* SODAClient.swift */,
				2EC54BB51D2780C8002412AF /* QueryViewController.swift */,
				2EE65B6F1D27635F00F0FA84 /* Report.swift */,
				2EA314821D2EEB24000342BD /* Settings.swift */,
			);
			path = "Neighbor Ninja";
			sourceTree = "<group>";
		};
		2EB762A21D23BAC1005B7B93 /* Neighbor NinjaTests */ = {
			isa = PBXGroup;
			children = (
				2EB762A31D23BAC1005B7B93 /* Neighbor_NinjaTests.swift */,
				2EB762A51D23BAC1005B7B93 /* Info.plist */,
			);
			path = "Neighbor NinjaTests";
			sourceTree = "<group>";
		};
		2EB762AD1D23BAC1005B7B93 /* Neighbor NinjaUITests */ = {
			isa = PBXGroup;
			children = (
				2EB762AE1D23BAC1005B7B93 /* Neighbor_NinjaUITests.swift */,
				2EB762B01D23BAC1005B7B93 /* Info.plist */,
			);
			path = "Neighbor NinjaUITests";
			sourceTree = "<group>";
		};
		6C905483F0C28A638E7468B4 /* Frameworks */ = {
			isa = PBXGroup;
			children = (
				4CE084844110FCC456926E47 /* Pods_Neighbor_Ninja.framework */,
				036DB6E10368562CD05441CA /* Pods_Neighbor_NinjaTests.framework */,
				60850FB55BF51EE2422175A1 /* Pods_Neighbor_NinjaUITests.framework */,
			);
			name = Frameworks;
			sourceTree = "<group>";
		};
/* End PBXGroup section */

/* Begin PBXNativeTarget section */
		2EB762871D23BAC1005B7B93 /* Neighbor Ninja */ = {
			isa = PBXNativeTarget;
			buildConfigurationList = 2EB762B31D23BAC1005B7B93 /* Build configuration list for PBXNativeTarget "Neighbor Ninja" */;
			buildPhases = (
				1D5A490849F63202448F71B5 /* [CP] Check Pods Manifest.lock */,
				2EB762841D23BAC1005B7B93 /* Sources */,
				2EB762851D23BAC1005B7B93 /* Frameworks */,
				2EB762861D23BAC1005B7B93 /* Resources */,
				8BF79ED8E3557C35BA75064A /* [CP] Embed Pods Frameworks */,
				702F3B692D8DF21C8740F2B1 /* [CP] Copy Pods Resources */,
			);
			buildRules = (
			);
			dependencies = (
			);
			name = "Neighbor Ninja";
			productName = "Neighbor Ninja";
			productReference = 2EB762881D23BAC1005B7B93 /* Neighbor Ninja.app */;
			productType = "com.apple.product-type.application";
		};
		2EB7629E1D23BAC1005B7B93 /* Neighbor NinjaTests */ = {
			isa = PBXNativeTarget;
			buildConfigurationList = 2EB762B61D23BAC1005B7B93 /* Build configuration list for PBXNativeTarget "Neighbor NinjaTests" */;
			buildPhases = (
				2EB7629B1D23BAC1005B7B93 /* Sources */,
				2EB7629C1D23BAC1005B7B93 /* Frameworks */,
				2EB7629D1D23BAC1005B7B93 /* Resources */,
			);
			buildRules = (
			);
			dependencies = (
				2EB762A11D23BAC1005B7B93 /* PBXTargetDependency */,
			);
			name = "Neighbor NinjaTests";
			productName = "Neighbor NinjaTests";
			productReference = 2EB7629F1D23BAC1005B7B93 /* Neighbor NinjaTests.xctest */;
			productType = "com.apple.product-type.bundle.unit-test";
		};
		2EB762A91D23BAC1005B7B93 /* Neighbor NinjaUITests */ = {
			isa = PBXNativeTarget;
			buildConfigurationList = 2EB762B91D23BAC1005B7B93 /* Build configuration list for PBXNativeTarget "Neighbor NinjaUITests" */;
			buildPhases = (
				2EB762A61D23BAC1005B7B93 /* Sources */,
				2EB762A71D23BAC1005B7B93 /* Frameworks */,
				2EB762A81D23BAC1005B7B93 /* Resources */,
			);
			buildRules = (
			);
			dependencies = (
				2EB762AC1D23BAC1005B7B93 /* PBXTargetDependency */,
			);
			name = "Neighbor NinjaUITests";
			productName = "Neighbor NinjaUITests";
			productReference = 2EB762AA1D23BAC1005B7B93 /* Neighbor NinjaUITests.xctest */;
			productType = "com.apple.product-type.bundle.ui-testing";
		};
/* End PBXNativeTarget section */

/* Begin PBXProject section */
		2EB762801D23BAC1005B7B93 /* Project object */ = {
			isa = PBXProject;
			attributes = {
				LastSwiftUpdateCheck = 0730;
				LastUpgradeCheck = 0820;
				ORGANIZATIONNAME = "Samast Varma";
				TargetAttributes = {
					2EB762871D23BAC1005B7B93 = {
						CreatedOnToolsVersion = 7.3;
						DevelopmentTeam = JV267P8TC6;
						LastSwiftMigration = 0820;
						SystemCapabilities = {
							com.apple.BackgroundModes = {
								enabled = 1;
							};
							com.apple.Push = {
								enabled = 1;
							};
						};
					};
					2EB7629E1D23BAC1005B7B93 = {
						CreatedOnToolsVersion = 7.3;
						LastSwiftMigration = 0820;
						TestTargetID = 2EB762871D23BAC1005B7B93;
					};
					2EB762A91D23BAC1005B7B93 = {
						CreatedOnToolsVersion = 7.3;
						LastSwiftMigration = 0820;
						TestTargetID = 2EB762871D23BAC1005B7B93;
					};
				};
			};
			buildConfigurationList = 2EB762831D23BAC1005B7B93 /* Build configuration list for PBXProject "Neighbor Ninja" */;
			compatibilityVersion = "Xcode 3.2";
			developmentRegion = English;
			hasScannedForEncodings = 0;
			knownRegions = (
				en,
				Base,
			);
			mainGroup = 2EB7627F1D23BAC1005B7B93;
			productRefGroup = 2EB762891D23BAC1005B7B93 /* Products */;
			projectDirPath = "";
			projectRoot = "";
			targets = (
				2EB762871D23BAC1005B7B93 /* Neighbor Ninja */,
				2EB7629E1D23BAC1005B7B93 /* Neighbor NinjaTests */,
				2EB762A91D23BAC1005B7B93 /* Neighbor NinjaUITests */,
			);
		};
/* End PBXProject section */

/* Begin PBXResourcesBuildPhase section */
		2EB762861D23BAC1005B7B93 /* Resources */ = {
			isa = PBXResourcesBuildPhase;
			buildActionMask = 2147483647;
			files = (
				2EC52FF21D4075D400E1CD66 /* GoogleService-Info.plist in Resources */,
				2E70B0201D23BBA000A52092 /* Main.storyboard in Resources */,
				2E70B01E1D23BBA000A52092 /* Assets.xcassets in Resources */,
				2E70B01F1D23BBA000A52092 /* LaunchScreen.storyboard in Resources */,
			);
			runOnlyForDeploymentPostprocessing = 0;
		};
		2EB7629D1D23BAC1005B7B93 /* Resources */ = {
			isa = PBXResourcesBuildPhase;
			buildActionMask = 2147483647;
			files = (
			);
			runOnlyForDeploymentPostprocessing = 0;
		};
		2EB762A81D23BAC1005B7B93 /* Resources */ = {
			isa = PBXResourcesBuildPhase;
			buildActionMask = 2147483647;
			files = (
			);
			runOnlyForDeploymentPostprocessing = 0;
		};
/* End PBXResourcesBuildPhase section */

/* Begin PBXShellScriptBuildPhase section */
		1D5A490849F63202448F71B5 /* [CP] Check Pods Manifest.lock */ = {
			isa = PBXShellScriptBuildPhase;
			buildActionMask = 2147483647;
			files = (
			);
			inputPaths = (
			);
			name = "[CP] Check Pods Manifest.lock";
			outputPaths = (
			);
			runOnlyForDeploymentPostprocessing = 0;
			shellPath = /bin/sh;
			shellScript = "diff \"${PODS_ROOT}/../Podfile.lock\" \"${PODS_ROOT}/Manifest.lock\" > /dev/null\nif [ $? != 0 ] ; then\n    # print error to STDERR\n    echo \"error: The sandbox is not in sync with the Podfile.lock. Run 'pod install' or update your CocoaPods installation.\" >&2\n    exit 1\nfi\n";
			showEnvVarsInLog = 0;
		};
		702F3B692D8DF21C8740F2B1 /* [CP] Copy Pods Resources */ = {
			isa = PBXShellScriptBuildPhase;
			buildActionMask = 2147483647;
			files = (
			);
			inputPaths = (
			);
			name = "[CP] Copy Pods Resources";
			outputPaths = (
			);
			runOnlyForDeploymentPostprocessing = 0;
			shellPath = /bin/sh;
			shellScript = "\"${SRCROOT}/Pods/Target Support Files/Pods-Neighbor Ninja/Pods-Neighbor Ninja-resources.sh\"\n";
			showEnvVarsInLog = 0;
		};
		8BF79ED8E3557C35BA75064A /* [CP] Embed Pods Frameworks */ = {
			isa = PBXShellScriptBuildPhase;
			buildActionMask = 2147483647;
			files = (
			);
			inputPaths = (
			);
			name = "[CP] Embed Pods Frameworks";
			outputPaths = (
			);
			runOnlyForDeploymentPostprocessing = 0;
			shellPath = /bin/sh;
			shellScript = "\"${SRCROOT}/Pods/Target Support Files/Pods-Neighbor Ninja/Pods-Neighbor Ninja-frameworks.sh\"\n";
			showEnvVarsInLog = 0;
		};
/* End PBXShellScriptBuildPhase section */

/* Begin PBXSourcesBuildPhase section */
		2EB762841D23BAC1005B7B93 /* Sources */ = {
			isa = PBXSourcesBuildPhase;
			buildActionMask = 2147483647;
			files = (
				2EC54BB81D2780D0002412AF /* SODAClient.swift in Sources */,
				2EC54BB41D2780BE002412AF /* MapViewController.swift in Sources */,
				2EE65B701D27635F00F0FA84 /* Report.swift in Sources */,
				2E70B01D1D23BBA000A52092 /* AppDelegate.swift in Sources */,
				2EC54BB61D2780C8002412AF /* QueryViewController.swift in Sources */,
				2E487CEB1E23782200CBD901 /* WelcomeScreen.swift in Sources */,
				2E70B0221D23BBA000A52092 /* Home.swift in Sources */,
				2E70B0291D23BBA000A52092 /* SWRevealViewController.m in Sources */,
				2E70B0211D23BBA000A52092 /* CreateAccount.swift in Sources */,
				2EA314831D2EEB24000342BD /* Settings.swift in Sources */,
				2E70B0281D23BBA000A52092 /* SignIn.swift in Sources */,
			);
			runOnlyForDeploymentPostprocessing = 0;
		};
		2EB7629B1D23BAC1005B7B93 /* Sources */ = {
			isa = PBXSourcesBuildPhase;
			buildActionMask = 2147483647;
			files = (
				2EB762A41D23BAC1005B7B93 /* Neighbor_NinjaTests.swift in Sources */,
			);
			runOnlyForDeploymentPostprocessing = 0;
		};
		2EB762A61D23BAC1005B7B93 /* Sources */ = {
			isa = PBXSourcesBuildPhase;
			buildActionMask = 2147483647;
			files = (
				2EB762AF1D23BAC1005B7B93 /* Neighbor_NinjaUITests.swift in Sources */,
			);
			runOnlyForDeploymentPostprocessing = 0;
		};
/* End PBXSourcesBuildPhase section */

/* Begin PBXTargetDependency section */
		2EB762A11D23BAC1005B7B93 /* PBXTargetDependency */ = {
			isa = PBXTargetDependency;
			target = 2EB762871D23BAC1005B7B93 /* Neighbor Ninja */;
			targetProxy = 2EB762A01D23BAC1005B7B93 /* PBXContainerItemProxy */;
		};
		2EB762AC1D23BAC1005B7B93 /* PBXTargetDependency */ = {
			isa = PBXTargetDependency;
			target = 2EB762871D23BAC1005B7B93 /* Neighbor Ninja */;
			targetProxy = 2EB762AB1D23BAC1005B7B93 /* PBXContainerItemProxy */;
		};
/* End PBXTargetDependency section */

/* Begin PBXVariantGroup section */
		2E70B00C1D23BBA000A52092 /* LaunchScreen.storyboard */ = {
			isa = PBXVariantGroup;
			children = (
				2E70B00D1D23BBA000A52092 /* Base */,
			);
			name = LaunchScreen.storyboard;
			sourceTree = "<group>";
		};
		2E70B00E1D23BBA000A52092 /* Main.storyboard */ = {
			isa = PBXVariantGroup;
			children = (
				2E70B00F1D23BBA000A52092 /* Base */,
			);
			name = Main.storyboard;
			sourceTree = "<group>";
		};
/* End PBXVariantGroup section */

/* Begin XCBuildConfiguration section */
		2EB762B11D23BAC1005B7B93 /* Debug */ = {
			isa = XCBuildConfiguration;
			buildSettings = {
				ALWAYS_SEARCH_USER_PATHS = NO;
				CLANG_ANALYZER_NONNULL = YES;
				CLANG_CXX_LANGUAGE_STANDARD = "gnu++0x";
				CLANG_CXX_LIBRARY = "libc++";
				CLANG_ENABLE_MODULES = YES;
				CLANG_ENABLE_OBJC_ARC = YES;
				CLANG_WARN_BOOL_CONVERSION = YES;
				CLANG_WARN_CONSTANT_CONVERSION = YES;
				CLANG_WARN_DIRECT_OBJC_ISA_USAGE = YES_ERROR;
				CLANG_WARN_EMPTY_BODY = YES;
				CLANG_WARN_ENUM_CONVERSION = YES;
				CLANG_WARN_INFINITE_RECURSION = YES;
				CLANG_WARN_INT_CONVERSION = YES;
				CLANG_WARN_OBJC_ROOT_CLASS = YES_ERROR;
				CLANG_WARN_SUSPICIOUS_MOVE = YES;
				CLANG_WARN_UNREACHABLE_CODE = YES;
				CLANG_WARN__DUPLICATE_METHOD_MATCH = YES;
				"CODE_SIGN_IDENTITY[sdk=iphoneos*]" = "iPhone Developer";
				COPY_PHASE_STRIP = NO;
				DEBUG_INFORMATION_FORMAT = dwarf;
				ENABLE_STRICT_OBJC_MSGSEND = YES;
				ENABLE_TESTABILITY = YES;
				GCC_C_LANGUAGE_STANDARD = gnu99;
				GCC_DYNAMIC_NO_PIC = NO;
				GCC_NO_COMMON_BLOCKS = YES;
				GCC_OPTIMIZATION_LEVEL = 0;
				GCC_PREPROCESSOR_DEFINITIONS = (
					"DEBUG=1",
					"$(inherited)",
				);
				GCC_WARN_64_TO_32_BIT_CONVERSION = YES;
				GCC_WARN_ABOUT_RETURN_TYPE = YES_ERROR;
				GCC_WARN_UNDECLARED_SELECTOR = YES;
				GCC_WARN_UNINITIALIZED_AUTOS = YES_AGGRESSIVE;
				GCC_WARN_UNUSED_FUNCTION = YES;
				GCC_WARN_UNUSED_VARIABLE = YES;
				IPHONEOS_DEPLOYMENT_TARGET = 10.2;
				MTL_ENABLE_DEBUG_INFO = YES;
				ONLY_ACTIVE_ARCH = YES;
				SDKROOT = iphoneos;
				SWIFT_OPTIMIZATION_LEVEL = "-Onone";
				TARGETED_DEVICE_FAMILY = "1,2";
			};
			name = Debug;
		};
		2EB762B21D23BAC1005B7B93 /* Release */ = {
			isa = XCBuildConfiguration;
			buildSettings = {
				ALWAYS_SEARCH_USER_PATHS = NO;
				CLANG_ANALYZER_NONNULL = YES;
				CLANG_CXX_LANGUAGE_STANDARD = "gnu++0x";
				CLANG_CXX_LIBRARY = "libc++";
				CLANG_ENABLE_MODULES = YES;
				CLANG_ENABLE_OBJC_ARC = YES;
				CLANG_WARN_BOOL_CONVERSION = YES;
				CLANG_WARN_CONSTANT_CONVERSION = YES;
				CLANG_WARN_DIRECT_OBJC_ISA_USAGE = YES_ERROR;
				CLANG_WARN_EMPTY_BODY = YES;
				CLANG_WARN_ENUM_CONVERSION = YES;
				CLANG_WARN_INFINITE_RECURSION = YES;
				CLANG_WARN_INT_CONVERSION = YES;
				CLANG_WARN_OBJC_ROOT_CLASS = YES_ERROR;
				CLANG_WARN_SUSPICIOUS_MOVE = YES;
				CLANG_WARN_UNREACHABLE_CODE = YES;
				CLANG_WARN__DUPLICATE_METHOD_MATCH = YES;
				"CODE_SIGN_IDENTITY[sdk=iphoneos*]" = "iPhone Developer";
				COPY_PHASE_STRIP = NO;
				DEBUG_INFORMATION_FORMAT = "dwarf-with-dsym";
				ENABLE_NS_ASSERTIONS = NO;
				ENABLE_STRICT_OBJC_MSGSEND = YES;
				GCC_C_LANGUAGE_STANDARD = gnu99;
				GCC_NO_COMMON_BLOCKS = YES;
				GCC_WARN_64_TO_32_BIT_CONVERSION = YES;
				GCC_WARN_ABOUT_RETURN_TYPE = YES_ERROR;
				GCC_WARN_UNDECLARED_SELECTOR = YES;
				GCC_WARN_UNINITIALIZED_AUTOS = YES_AGGRESSIVE;
				GCC_WARN_UNUSED_FUNCTION = YES;
				GCC_WARN_UNUSED_VARIABLE = YES;
				IPHONEOS_DEPLOYMENT_TARGET = 10.2;
				MTL_ENABLE_DEBUG_INFO = NO;
				SDKROOT = iphoneos;
				SWIFT_OPTIMIZATION_LEVEL = "-Owholemodule";
				TARGETED_DEVICE_FAMILY = "1,2";
				VALIDATE_PRODUCT = YES;
			};
			name = Release;
		};
		2EB762B41D23BAC1005B7B93 /* Debug */ = {
			isa = XCBuildConfiguration;
			baseConfigurationReference = 0B2AAF3E6C89C4438E76DDB4 /* Pods-Neighbor Ninja.debug.xcconfig */;
			buildSettings = {
				ALWAYS_EMBED_SWIFT_STANDARD_LIBRARIES = YES;
				ASSETCATALOG_COMPILER_APPICON_NAME = AppIcon;
				CLANG_ENABLE_MODULES = YES;
				CODE_SIGN_IDENTITY = "iPhone Developer";
				"CODE_SIGN_IDENTITY[sdk=iphoneos*]" = "iPhone Developer";
				INFOPLIST_FILE = "Neighbor Ninja/Info.plist";
				IPHONEOS_DEPLOYMENT_TARGET = 10.2;
				LD_RUNPATH_SEARCH_PATHS = "$(inherited) @executable_path/Frameworks";
				PRODUCT_BUNDLE_IDENTIFIER = com.getnninja.NeighborNinja;
				PRODUCT_NAME = "$(TARGET_NAME)";
				PROVISIONING_PROFILE = "";
				SWIFT_OBJC_BRIDGING_HEADER = "Neighbor Ninja/Neighbor Ninja-Bridging-Header.h";
				SWIFT_OPTIMIZATION_LEVEL = "-Onone";
				SWIFT_VERSION = 3.0;
			};
			name = Debug;
		};
		2EB762B51D23BAC1005B7B93 /* Release */ = {
			isa = XCBuildConfiguration;
			baseConfigurationReference = 867311362C9CF0BFC8E5892C /* Pods-Neighbor Ninja.release.xcconfig */;
			buildSettings = {
				ALWAYS_EMBED_SWIFT_STANDARD_LIBRARIES = YES;
				ASSETCATALOG_COMPILER_APPICON_NAME = AppIcon;
				CLANG_ENABLE_MODULES = YES;
				CODE_SIGN_IDENTITY = "iPhone Developer";
				"CODE_SIGN_IDENTITY[sdk=iphoneos*]" = "iPhone Developer";
				INFOPLIST_FILE = "Neighbor Ninja/Info.plist";
				IPHONEOS_DEPLOYMENT_TARGET = 10.2;
				LD_RUNPATH_SEARCH_PATHS = "$(inherited) @executable_path/Frameworks";
				PRODUCT_BUNDLE_IDENTIFIER = com.getnninja.NeighborNinja;
				PRODUCT_NAME = "$(TARGET_NAME)";
				PROVISIONING_PROFILE = "";
				SWIFT_OBJC_BRIDGING_HEADER = "Neighbor Ninja/Neighbor Ninja-Bridging-Header.h";
				SWIFT_VERSION = 3.0;
			};
			name = Release;
		};
		2EB762B71D23BAC1005B7B93 /* Debug */ = {
			isa = XCBuildConfiguration;
			buildSettings = {
				BUNDLE_LOADER = "$(TEST_HOST)";
				INFOPLIST_FILE = "Neighbor NinjaTests/Info.plist";
				LD_RUNPATH_SEARCH_PATHS = "$(inherited) @executable_path/Frameworks @loader_path/Frameworks";
				PRODUCT_BUNDLE_IDENTIFIER = "Samast-Varma.Neighbor-NinjaTests";
				PRODUCT_NAME = "$(TARGET_NAME)";
				SWIFT_VERSION = 3.0;
				TEST_HOST = "$(BUILT_PRODUCTS_DIR)/Neighbor Ninja.app/Neighbor Ninja";
			};
			name = Debug;
		};
		2EB762B81D23BAC1005B7B93 /* Release */ = {
			isa = XCBuildConfiguration;
			buildSettings = {
				BUNDLE_LOADER = "$(TEST_HOST)";
				INFOPLIST_FILE = "Neighbor NinjaTests/Info.plist";
				LD_RUNPATH_SEARCH_PATHS = "$(inherited) @executable_path/Frameworks @loader_path/Frameworks";
				PRODUCT_BUNDLE_IDENTIFIER = "Samast-Varma.Neighbor-NinjaTests";
				PRODUCT_NAME = "$(TARGET_NAME)";
				SWIFT_VERSION = 3.0;
				TEST_HOST = "$(BUILT_PRODUCTS_DIR)/Neighbor Ninja.app/Neighbor Ninja";
			};
			name = Release;
		};
		2EB762BA1D23BAC1005B7B93 /* Debug */ = {
			isa = XCBuildConfiguration;
			buildSettings = {
				INFOPLIST_FILE = "Neighbor NinjaUITests/Info.plist";
				LD_RUNPATH_SEARCH_PATHS = "$(inherited) @executable_path/Frameworks @loader_path/Frameworks";
				PRODUCT_BUNDLE_IDENTIFIER = "Samast-Varma.Neighbor-NinjaUITests";
				PRODUCT_NAME = "$(TARGET_NAME)";
				SWIFT_VERSION = 3.0;
				TEST_TARGET_NAME = "Neighbor Ninja";
			};
			name = Debug;
		};
		2EB762BB1D23BAC1005B7B93 /* Release */ = {
			isa = XCBuildConfiguration;
			buildSettings = {
				INFOPLIST_FILE = "Neighbor NinjaUITests/Info.plist";
				LD_RUNPATH_SEARCH_PATHS = "$(inherited) @executable_path/Frameworks @loader_path/Frameworks";
				PRODUCT_BUNDLE_IDENTIFIER = "Samast-Varma.Neighbor-NinjaUITests";
				PRODUCT_NAME = "$(TARGET_NAME)";
				SWIFT_VERSION = 3.0;
				TEST_TARGET_NAME = "Neighbor Ninja";
			};
			name = Release;
		};
/* End XCBuildConfiguration section */

/* Begin XCConfigurationList section */
		2EB762831D23BAC1005B7B93 /* Build configuration list for PBXProject "Neighbor Ninja" */ = {
			isa = XCConfigurationList;
			buildConfigurations = (
				2EB762B11D23BAC1005B7B93 /* Debug */,
				2EB762B21D23BAC1005B7B93 /* Release */,
			);
			defaultConfigurationIsVisible = 0;
			defaultConfigurationName = Release;
		};
		2EB762B31D23BAC1005B7B93 /* Build configuration list for PBXNativeTarget "Neighbor Ninja" */ = {
			isa = XCConfigurationList;
			buildConfigurations = (
				2EB762B41D23BAC1005B7B93 /* Debug */,
				2EB762B51D23BAC1005B7B93 /* Release */,
			);
			defaultConfigurationIsVisible = 0;
			defaultConfigurationName = Release;
		};
		2EB762B61D23BAC1005B7B93 /* Build configuration list for PBXNativeTarget "Neighbor NinjaTests" */ = {
			isa = XCConfigurationList;
			buildConfigurations = (
				2EB762B71D23BAC1005B7B93 /* Debug */,
				2EB762B81D23BAC1005B7B93 /* Release */,
			);
			defaultConfigurationIsVisible = 0;
			defaultConfigurationName = Release;
		};
		2EB762B91D23BAC1005B7B93 /* Build configuration list for PBXNativeTarget "Neighbor NinjaUITests" */ = {
			isa = XCConfigurationList;
			buildConfigurations = (
				2EB762BA1D23BAC1005B7B93 /* Debug */,
				2EB762BB1D23BAC1005B7B93 /* Release */,
			);
			defaultConfigurationIsVisible = 0;
			defaultConfigurationName = Release;
		};
/* End XCConfigurationList section */
	};
	rootObject = 2EB762801D23BAC1005B7B93 /* Project object */;
}
